Microsoft Visual Studio Solution File, Format Version 12.00
# Visual Studio Version 17
VisualStudioVersion = 17.5.2.0
MinimumVisualStudioVersion = 10.0.40219.1
Project("{FAE04EC0-301F-11D3-BF4B-00C04F79EFBC}") = "CircleCalculator", "CircleCalculator\CircleCalculator.csproj", "{292A700F-5B93-6AE4-0953-88AFF7CF10D7}"
EndProject
Global
	GlobalSection(SolutionConfigurationPlatforms) = preSolution
		Debug|Any CPU = Debug|Any CPU
		Release|Any CPU = Release|Any CPU
	EndGlobalSection
	GlobalSection(ProjectConfigurationPlatforms) = postSolution
		{292A700F-5B93-6AE4-0953-88AFF7CF10D7}.Debug|Any CPU.ActiveCfg = Debug|Any CPU
		{292A700F-5B93-6AE4-0953-88AFF7CF10D7}.Debug|Any CPU.Build.0 = Debug|Any CPU
		{292A700F-5B93-6AE4-0953-88AFF7CF10D7}.Release|Any CPU.ActiveCfg = Release|Any CPU
		{292A700F-5B93-6AE4-0953-88AFF7CF10D7}.Release|Any CPU.Build.0 = Release|Any CPU
	EndGlobalSection
	GlobalSection(SolutionProperties) = preSolution
		HideSolutionNode = FALSE
	EndGlobalSection
	GlobalSection(ExtensibilityGlobals) = postSolution
		SolutionGuid = {9D011A81-1147-4DF2-A7CF-03A0F8B669D3}
	EndGlobalSection
EndGlobal
